# THIS IS AN AUTOGENERATED FILE. DO NOT EDIT THIS FILE DIRECTLY.
# yarn lockfile v1


"brion@https://github.com/KodyJKing/brion.git":
  version "1.0.0"
  resolved "https://github.com/KodyJKing/brion.git#5efa090ede354ac720b385887cd10695aca73606"

coffeescript@2.2.x:
  version "2.2.4"
  resolved "https://registry.yarnpkg.com/coffeescript/-/coffeescript-2.2.4.tgz#427c038e17a125e52a79fdb3106761753b8585d2"

commander@~2.17.1:
  version "2.17.1"
  resolved "https://registry.yarnpkg.com/commander/-/commander-2.17.1.tgz#bd77ab7de6de94205ceacc72f1716d29f20a77bf"

esprima@1.1.x:
  version "1.1.1"
  resolved "https://registry.yarnpkg.com/esprima/-/esprima-1.1.1.tgz#5b6f1547f4d102e670e140c509be6771d6aeb549"

"ion@https://github.com/krisnye/ion.git":
  version "0.9.14"
  resolved "https://github.com/krisnye/ion.git#e4f04d1fe1e7cb097c72e181f1dfaf09ff204a0d"
  dependencies:
    coffeescript "2.2.x"
    esprima "1.1.x"
    pegjs "0.8.x"
    source-map "^0.7.2"
    uglify-js "^3.3.26"

pegjs@0.8.x:
  version "0.8.0"
  resolved "https://registry.yarnpkg.com/pegjs/-/pegjs-0.8.0.tgz#976f067da13e5c5b1501c017925668a253811561"

source-map@^0.7.2:
  version "0.7.3"
  resolved "https://registry.yarnpkg.com/source-map/-/source-map-0.7.3.tgz#5302f8169031735226544092e64981f751750383"

source-map@~0.6.1:
  version "0.6.1"
  resolved "https://registry.yarnpkg.com/source-map/-/source-map-0.6.1.tgz#74722af32e9614e9c287a8d0bbde48b5e2f1a263"

uglify-js@^3.3.26:
  version "3.4.8"
  resolved "https://registry.yarnpkg.com/uglify-js/-/uglify-js-3.4.8.tgz#d590777b208258b54131b1ae45bc9d3f68033a3e"
  dependencies:
    commander "~2.17.1"
    source-map "~0.6.1"
